
Microsoft Visual Studio Solution File, Format Version 10.00
# Visual Studio 2008
Project("{FAE04EC0-301F-11D3-BF4B-00C04F79EFBC}") = "CommonLib", "CommonLib\CommonLib.csproj", "{E9657757-49DC-4F93-99FE-E67EF20D3FC3}"
EndProject
Project("{FAE04EC0-301F-11D3-BF4B-00C04F79EFBC}") = "CommonLibTest", "CommonLibTest\CommonLibTest.csproj", "{4CB0741F-CADE-47AA-8291-4502D5FED982}"
EndProject
Project("{FAE04EC0-301F-11D3-BF4B-00C04F79EFBC}") = "SocketClient", "SocketClient\SocketClient.csproj", "{DC546C5C-9956-4665-A23B-6F09EA68E1BD}"
EndProject
Project("{FAE04EC0-301F-11D3-BF4B-00C04F79EFBC}") = "SocketServer", "SocketServer\SocketServer.csproj", "{0F31286F-B2BF-4327-BDF6-142DB63321C7}"
EndProject
Global
	GlobalSection(SolutionConfigurationPlatforms) = preSolution
		Debug|Any CPU = Debug|Any CPU
		Release|Any CPU = Release|Any CPU
	EndGlobalSection
	GlobalSection(ProjectConfigurationPlatforms) = postSolution
		{E9657757-49DC-4F93-99FE-E67EF20D3FC3}.Debug|Any CPU.ActiveCfg = Debug|Any CPU
		{E9657757-49DC-4F93-99FE-E67EF20D3FC3}.Debug|Any CPU.Build.0 = Debug|Any CPU
		{E9657757-49DC-4F93-99FE-E67EF20D3FC3}.Release|Any CPU.ActiveCfg = Release|Any CPU
		{E9657757-49DC-4F93-99FE-E67EF20D3FC3}.Release|Any CPU.Build.0 = Release|Any CPU
		{4CB0741F-CADE-47AA-8291-4502D5FED982}.Debug|Any CPU.ActiveCfg = Debug|Any CPU
		{4CB0741F-CADE-47AA-8291-4502D5FED982}.Debug|Any CPU.Build.0 = Debug|Any CPU
		{4CB0741F-CADE-47AA-8291-4502D5FED982}.Release|Any CPU.ActiveCfg = Release|Any CPU
		{4CB0741F-CADE-47AA-8291-4502D5FED982}.Release|Any CPU.Build.0 = Release|Any CPU
		{DC546C5C-9956-4665-A23B-6F09EA68E1BD}.Debug|Any CPU.ActiveCfg = Debug|Any CPU
		{DC546C5C-9956-4665-A23B-6F09EA68E1BD}.Debug|Any CPU.Build.0 = Debug|Any CPU
		{DC546C5C-9956-4665-A23B-6F09EA68E1BD}.Release|Any CPU.ActiveCfg = Release|Any CPU
		{DC546C5C-9956-4665-A23B-6F09EA68E1BD}.Release|Any CPU.Build.0 = Release|Any CPU
		{0F31286F-B2BF-4327-BDF6-142DB63321C7}.Debug|Any CPU.ActiveCfg = Debug|Any CPU
		{0F31286F-B2BF-4327-BDF6-142DB63321C7}.Debug|Any CPU.Build.0 = Debug|Any CPU
		{0F31286F-B2BF-4327-BDF6-142DB63321C7}.Release|Any CPU.ActiveCfg = Release|Any CPU
		{0F31286F-B2BF-4327-BDF6-142DB63321C7}.Release|Any CPU.Build.0 = Release|Any CPU
	EndGlobalSection
	GlobalSection(SolutionProperties) = preSolution
		HideSolutionNode = FALSE
	EndGlobalSection
EndGlobal
